
Microsoft Visual Studio Solution File, Format Version 12.00
# Visual Studio Version 16
VisualStudioVersion = 16.0.30804.86
MinimumVisualStudioVersion = 10.0.40219.1
Project("{FAE04EC0-301F-11D3-BF4B-00C04F79EFBC}") = "Snippet2.2", "CsharpLAB-1\Snippet2.2.csproj", "{A9924CE9-CF15-4D59-8DF0-3B0927FC8920}"
EndProject
Project("{FAE04EC0-301F-11D3-BF4B-00C04F79EFBC}") = "Snippet2.3", "Snippet3\Snippet2.3.csproj", "{3AA1D4A6-D3C5-4504-8516-D79B50496FCC}"
EndProject
Project("{FAE04EC0-301F-11D3-BF4B-00C04F79EFBC}") = "Snippet2.4", "Snippet4\Snippet2.4.csproj", "{F3F129B0-7DAB-40E8-A591-BFAB7B0CE971}"
EndProject
Project("{FAE04EC0-301F-11D3-BF4B-00C04F79EFBC}") = "Snippet2.5", "Snippet5\Snippet2.5.csproj", "{7619E222-568E-4C94-9F9C-36CE308847B3}"
EndProject
Project("{FAE04EC0-301F-11D3-BF4B-00C04F79EFBC}") = "Snippet2.6", "Snippet6\Snippet2.6.csproj", "{FB0C25EB-BA07-47DE-9108-436C3F31A804}"
EndProject
Project("{FAE04EC0-301F-11D3-BF4B-00C04F79EFBC}") = "Snippet2.7", "Snippet7\Snippet2.7.csproj", "{AD570A3A-4043-4C7B-922A-87A20C22D9C0}"
EndProject
Project("{FAE04EC0-301F-11D3-BF4B-00C04F79EFBC}") = "Snippet2.8", "Snippet8\Snippet2.8.csproj", "{89768846-C8FC-4C09-8C4F-89949A700A8D}"
EndProject
Project("{FAE04EC0-301F-11D3-BF4B-00C04F79EFBC}") = "Snippet2.9", "Snippet9\Snippet2.9.csproj", "{8001F368-B01C-47CA-AE20-20B5ADD6F221}"
EndProject
Project("{FAE04EC0-301F-11D3-BF4B-00C04F79EFBC}") = "Snippet2.10", "Snippet2.10\Snippet2.10.csproj", "{B677AF21-A0FA-45BC-A7AA-6CFF8C772C3E}"
EndProject
Project("{FAE04EC0-301F-11D3-BF4B-00C04F79EFBC}") = "Snippet2.11", "Snippet2.11\Snippet2.11.csproj", "{44ED43A8-32DE-4F1C-8A51-1E9DA45BD33B}"
EndProject
Project("{FAE04EC0-301F-11D3-BF4B-00C04F79EFBC}") = "Snippet2.12", "Snippet2.12\Snippet2.12.csproj", "{0F559A67-DD8D-494E-B7EB-05A2996EDC4B}"
EndProject
Project("{FAE04EC0-301F-11D3-BF4B-00C04F79EFBC}") = "Snippet2.13", "Snippet2.13\Snippet2.13.csproj", "{81C9883B-DDBF-4B2F-9E25-BE5961641F25}"
EndProject
Project("{FAE04EC0-301F-11D3-BF4B-00C04F79EFBC}") = "Snippet2.14", "Snippet2.14\Snippet2.14.csproj", "{E06269E3-8E1B-46B1-AB11-F5C4002422CC}"
EndProject
Project("{FAE04EC0-301F-11D3-BF4B-00C04F79EFBC}") = "Snippet2.15", "Snippet2.15\Snippet2.15.csproj", "{867DB61A-161D-4FA8-A21B-0038751F9656}"
EndProject
Project("{FAE04EC0-301F-11D3-BF4B-00C04F79EFBC}") = "Snippet2.16", "Snippet2.16\Snippet2.16.csproj", "{6CB9731D-CDFE-479B-ADB4-2B6C9893E5E7}"
EndProject
Project("{FAE04EC0-301F-11D3-BF4B-00C04F79EFBC}") = "Snippet2.17", "Snippet2.17\Snippet2.17.csproj", "{6FFFB77B-268E-4C73-9961-D70F1FB908E1}"
EndProject
Project("{FAE04EC0-301F-11D3-BF4B-00C04F79EFBC}") = "Snippet2.18", "Snippet2.18\Snippet2.18.csproj", "{13132578-ECF4-4B86-BCFA-3C2527C8A398}"
EndProject
Project("{FAE04EC0-301F-11D3-BF4B-00C04F79EFBC}") = "Snippet2.19", "Snippet2.19\Snippet2.19.csproj", "{76EE4CFB-099A-46C5-B8F1-A2030A7A4130}"
EndProject
Project("{FAE04EC0-301F-11D3-BF4B-00C04F79EFBC}") = "Snippet2.20", "Snippet2.20\Snippet2.20.csproj", "{6153CD05-8373-4612-A0DF-AD99F13DD52E}"
EndProject
Project("{FAE04EC0-301F-11D3-BF4B-00C04F79EFBC}") = "Snippet2.21", "Snippet2.21\Snippet2.21.csproj", "{91738138-CFB2-4D07-8D30-BE165D7B15CD}"
EndProject
Project("{FAE04EC0-301F-11D3-BF4B-00C04F79EFBC}") = "Snippet2.22", "Snippet2.22\Snippet2.22.csproj", "{AD9C4DB5-3B72-45D2-A785-9C8DBDB07AE7}"
EndProject
Project("{FAE04EC0-301F-11D3-BF4B-00C04F79EFBC}") = "Snippet2.23", "Snippet2.23\Snippet2.23.csproj", "{4450413B-BA93-425D-B62C-4DAFDCDA7000}"
EndProject
Project("{FAE04EC0-301F-11D3-BF4B-00C04F79EFBC}") = "Snippet2.24", "Snippet2.24\Snippet2.24.csproj", "{637A18C2-F17A-46C2-81D8-0FF1D6E29C34}"
EndProject
Project("{FAE04EC0-301F-11D3-BF4B-00C04F79EFBC}") = "Snippet2.25", "Snippet2.25\Snippet2.25.csproj", "{4F4E4BA7-EAF4-4797-9F83-18179F814B65}"
EndProject
Project("{FAE04EC0-301F-11D3-BF4B-00C04F79EFBC}") = "Snippet2.26", "Snippet2.26\Snippet2.26.csproj", "{92AB1C34-01AC-46AA-8EC9-B29D8B0F0958}"
EndProject
Project("{FAE04EC0-301F-11D3-BF4B-00C04F79EFBC}") = "Snippet2.27", "Snippet2.27\Snippet2.27.csproj", "{8AE92B8F-1E87-49CC-A614-E6F612EB8F2C}"
EndProject
Project("{FAE04EC0-301F-11D3-BF4B-00C04F79EFBC}") = "Snippet2.28", "Snippet2.28\Snippet2.28.csproj", "{463606BF-8D03-47E7-9D35-5A09F12D7CFA}"
EndProject
Global
	GlobalSection(SolutionConfigurationPlatforms) = preSolution
		Debug|Any CPU = Debug|Any CPU
		Release|Any CPU = Release|Any CPU
	EndGlobalSection
	GlobalSection(ProjectConfigurationPlatforms) = postSolution
		{A9924CE9-CF15-4D59-8DF0-3B0927FC8920}.Debug|Any CPU.ActiveCfg = Debug|Any CPU
		{A9924CE9-CF15-4D59-8DF0-3B0927FC8920}.Debug|Any CPU.Build.0 = Debug|Any CPU
		{A9924CE9-CF15-4D59-8DF0-3B0927FC8920}.Release|Any CPU.ActiveCfg = Release|Any CPU
		{A9924CE9-CF15-4D59-8DF0-3B0927FC8920}.Release|Any CPU.Build.0 = Release|Any CPU
		{3AA1D4A6-D3C5-4504-8516-D79B50496FCC}.Debug|Any CPU.ActiveCfg = Debug|Any CPU
		{3AA1D4A6-D3C5-4504-8516-D79B50496FCC}.Debug|Any CPU.Build.0 = Debug|Any CPU
		{3AA1D4A6-D3C5-4504-8516-D79B50496FCC}.Release|Any CPU.ActiveCfg = Release|Any CPU
		{3AA1D4A6-D3C5-4504-8516-D79B50496FCC}.Release|Any CPU.Build.0 = Release|Any CPU
		{F3F129B0-7DAB-40E8-A591-BFAB7B0CE971}.Debug|Any CPU.ActiveCfg = Debug|Any CPU
		{F3F129B0-7DAB-40E8-A591-BFAB7B0CE971}.Debug|Any CPU.Build.0 = Debug|Any CPU
		{F3F129B0-7DAB-40E8-A591-BFAB7B0CE971}.Release|Any CPU.ActiveCfg = Release|Any CPU
		{F3F129B0-7DAB-40E8-A591-BFAB7B0CE971}.Release|Any CPU.Build.0 = Release|Any CPU
		{7619E222-568E-4C94-9F9C-36CE308847B3}.Debug|Any CPU.ActiveCfg = Debug|Any CPU
		{7619E222-568E-4C94-9F9C-36CE308847B3}.Debug|Any CPU.Build.0 = Debug|Any CPU
		{7619E222-568E-4C94-9F9C-36CE308847B3}.Release|Any CPU.ActiveCfg = Release|Any CPU
		{7619E222-568E-4C94-9F9C-36CE308847B3}.Release|Any CPU.Build.0 = Release|Any CPU
		{FB0C25EB-BA07-47DE-9108-436C3F31A804}.Debug|Any CPU.ActiveCfg = Debug|Any CPU
		{FB0C25EB-BA07-47DE-9108-436C3F31A804}.Debug|Any CPU.Build.0 = Debug|Any CPU
		{FB0C25EB-BA07-47DE-9108-436C3F31A804}.Release|Any CPU.ActiveCfg = Release|Any CPU
		{FB0C25EB-BA07-47DE-9108-436C3F31A804}.Release|Any CPU.Build.0 = Release|Any CPU
		{AD570A3A-4043-4C7B-922A-87A20C22D9C0}.Debug|Any CPU.ActiveCfg = Debug|Any CPU
		{AD570A3A-4043-4C7B-922A-87A20C22D9C0}.Debug|Any CPU.Build.0 = Debug|Any CPU
		{AD570A3A-4043-4C7B-922A-87A20C22D9C0}.Release|Any CPU.ActiveCfg = Release|Any CPU
		{AD570A3A-4043-4C7B-922A-87A20C22D9C0}.Release|Any CPU.Build.0 = Release|Any CPU
		{89768846-C8FC-4C09-8C4F-89949A700A8D}.Debug|Any CPU.ActiveCfg = Debug|Any CPU
		{89768846-C8FC-4C09-8C4F-89949A700A8D}.Debug|Any CPU.Build.0 = Debug|Any CPU
		{89768846-C8FC-4C09-8C4F-89949A700A8D}.Release|Any CPU.ActiveCfg = Release|Any CPU
		{89768846-C8FC-4C09-8C4F-89949A700A8D}.Release|Any CPU.Build.0 = Release|Any CPU
		{8001F368-B01C-47CA-AE20-20B5ADD6F221}.Debug|Any CPU.ActiveCfg = Debug|Any CPU
		{8001F368-B01C-47CA-AE20-20B5ADD6F221}.Debug|Any CPU.Build.0 = Debug|Any CPU
		{8001F368-B01C-47CA-AE20-20B5ADD6F221}.Release|Any CPU.ActiveCfg = Release|Any CPU
		{8001F368-B01C-47CA-AE20-20B5ADD6F221}.Release|Any CPU.Build.0 = Release|Any CPU
		{B677AF21-A0FA-45BC-A7AA-6CFF8C772C3E}.Debug|Any CPU.ActiveCfg = Debug|Any CPU
		{B677AF21-A0FA-45BC-A7AA-6CFF8C772C3E}.Debug|Any CPU.Build.0 = Debug|Any CPU
		{B677AF21-A0FA-45BC-A7AA-6CFF8C772C3E}.Release|Any CPU.ActiveCfg = Release|Any CPU
		{B677AF21-A0FA-45BC-A7AA-6CFF8C772C3E}.Release|Any CPU.Build.0 = Release|Any CPU
		{44ED43A8-32DE-4F1C-8A51-1E9DA45BD33B}.Debug|Any CPU.ActiveCfg = Debug|Any CPU
		{44ED43A8-32DE-4F1C-8A51-1E9DA45BD33B}.Debug|Any CPU.Build.0 = Debug|Any CPU
		{44ED43A8-32DE-4F1C-8A51-1E9DA45BD33B}.Release|Any CPU.ActiveCfg = Release|Any CPU
		{44ED43A8-32DE-4F1C-8A51-1E9DA45BD33B}.Release|Any CPU.Build.0 = Release|Any CPU
		{0F559A67-DD8D-494E-B7EB-05A2996EDC4B}.Debug|Any CPU.ActiveCfg = Debug|Any CPU
		{0F559A67-DD8D-494E-B7EB-05A2996EDC4B}.Debug|Any CPU.Build.0 = Debug|Any CPU
		{0F559A67-DD8D-494E-B7EB-05A2996EDC4B}.Release|Any CPU.ActiveCfg = Release|Any CPU
		{0F559A67-DD8D-494E-B7EB-05A2996EDC4B}.Release|Any CPU.Build.0 = Release|Any CPU
		{81C9883B-DDBF-4B2F-9E25-BE5961641F25}.Debug|Any CPU.ActiveCfg = Debug|Any CPU
		{81C9883B-DDBF-4B2F-9E25-BE5961641F25}.Debug|Any CPU.Build.0 = Debug|Any CPU
		{81C9883B-DDBF-4B2F-9E25-BE5961641F25}.Release|Any CPU.ActiveCfg = Release|Any CPU
		{81C9883B-DDBF-4B2F-9E25-BE5961641F25}.Release|Any CPU.Build.0 = Release|Any CPU
		{E06269E3-8E1B-46B1-AB11-F5C4002422CC}.Debug|Any CPU.ActiveCfg = Debug|Any CPU
		{E06269E3-8E1B-46B1-AB11-F5C4002422CC}.Debug|Any CPU.Build.0 = Debug|Any CPU
		{E06269E3-8E1B-46B1-AB11-F5C4002422CC}.Release|Any CPU.ActiveCfg = Release|Any CPU
		{E06269E3-8E1B-46B1-AB11-F5C4002422CC}.Release|Any CPU.Build.0 = Release|Any CPU
		{867DB61A-161D-4FA8-A21B-0038751F9656}.Debug|Any CPU.ActiveCfg = Debug|Any CPU
		{867DB61A-161D-4FA8-A21B-0038751F9656}.Debug|Any CPU.Build.0 = Debug|Any CPU
		{867DB61A-161D-4FA8-A21B-0038751F9656}.Release|Any CPU.ActiveCfg = Release|Any CPU
		{867DB61A-161D-4FA8-A21B-0038751F9656}.Release|Any CPU.Build.0 = Release|Any CPU
		{6CB9731D-CDFE-479B-ADB4-2B6C9893E5E7}.Debug|Any CPU.ActiveCfg = Debug|Any CPU
		{6CB9731D-CDFE-479B-ADB4-2B6C9893E5E7}.Debug|Any CPU.Build.0 = Debug|Any CPU
		{6CB9731D-CDFE-479B-ADB4-2B6C9893E5E7}.Release|Any CPU.ActiveCfg = Release|Any CPU
		{6CB9731D-CDFE-479B-ADB4-2B6C9893E5E7}.Release|Any CPU.Build.0 = Release|Any CPU
		{6FFFB77B-268E-4C73-9961-D70F1FB908E1}.Debug|Any CPU.ActiveCfg = Debug|Any CPU
		{6FFFB77B-268E-4C73-9961-D70F1FB908E1}.Debug|Any CPU.Build.0 = Debug|Any CPU
		{6FFFB77B-268E-4C73-9961-D70F1FB908E1}.Release|Any CPU.ActiveCfg = Release|Any CPU
		{6FFFB77B-268E-4C73-9961-D70F1FB908E1}.Release|Any CPU.Build.0 = Release|Any CPU
		{13132578-ECF4-4B86-BCFA-3C2527C8A398}.Debug|Any CPU.ActiveCfg = Debug|Any CPU
		{13132578-ECF4-4B86-BCFA-3C2527C8A398}.Debug|Any CPU.Build.0 = Debug|Any CPU
		{13132578-ECF4-4B86-BCFA-3C2527C8A398}.Release|Any CPU.ActiveCfg = Release|Any CPU
		{13132578-ECF4-4B86-BCFA-3C2527C8A398}.Release|Any CPU.Build.0 = Release|Any CPU
		{76EE4CFB-099A-46C5-B8F1-A2030A7A4130}.Debug|Any CPU.ActiveCfg = Debug|Any CPU
		{76EE4CFB-099A-46C5-B8F1-A2030A7A4130}.Debug|Any CPU.Build.0 = Debug|Any CPU
		{76EE4CFB-099A-46C5-B8F1-A2030A7A4130}.Release|Any CPU.ActiveCfg = Release|Any CPU
		{76EE4CFB-099A-46C5-B8F1-A2030A7A4130}.Release|Any CPU.Build.0 = Release|Any CPU
		{6153CD05-8373-4612-A0DF-AD99F13DD52E}.Debug|Any CPU.ActiveCfg = Debug|Any CPU
		{6153CD05-8373-4612-A0DF-AD99F13DD52E}.Debug|Any CPU.Build.0 = Debug|Any CPU
		{6153CD05-8373-4612-A0DF-AD99F13DD52E}.Release|Any CPU.ActiveCfg = Release|Any CPU
		{6153CD05-8373-4612-A0DF-AD99F13DD52E}.Release|Any CPU.Build.0 = Release|Any CPU
		{91738138-CFB2-4D07-8D30-BE165D7B15CD}.Debug|Any CPU.ActiveCfg = Debug|Any CPU
		{91738138-CFB2-4D07-8D30-BE165D7B15CD}.Debug|Any CPU.Build.0 = Debug|Any CPU
		{91738138-CFB2-4D07-8D30-BE165D7B15CD}.Release|Any CPU.ActiveCfg = Release|Any CPU
		{91738138-CFB2-4D07-8D30-BE165D7B15CD}.Release|Any CPU.Build.0 = Release|Any CPU
		{AD9C4DB5-3B72-45D2-A785-9C8DBDB07AE7}.Debug|Any CPU.ActiveCfg = Debug|Any CPU
		{AD9C4DB5-3B72-45D2-A785-9C8DBDB07AE7}.Debug|Any CPU.Build.0 = Debug|Any CPU
		{AD9C4DB5-3B72-45D2-A785-9C8DBDB07AE7}.Release|Any CPU.ActiveCfg = Release|Any CPU
		{AD9C4DB5-3B72-45D2-A785-9C8DBDB07AE7}.Release|Any CPU.Build.0 = Release|Any CPU
		{4450413B-BA93-425D-B62C-4DAFDCDA7000}.Debug|Any CPU.ActiveCfg = Debug|Any CPU
		{4450413B-BA93-425D-B62C-4DAFDCDA7000}.Debug|Any CPU.Build.0 = Debug|Any CPU
		{4450413B-BA93-425D-B62C-4DAFDCDA7000}.Release|Any CPU.ActiveCfg = Release|Any CPU
		{4450413B-BA93-425D-B62C-4DAFDCDA7000}.Release|Any CPU.Build.0 = Release|Any CPU
		{637A18C2-F17A-46C2-81D8-0FF1D6E29C34}.Debug|Any CPU.ActiveCfg = Debug|Any CPU
		{637A18C2-F17A-46C2-81D8-0FF1D6E29C34}.Debug|Any CPU.Build.0 = Debug|Any CPU
		{637A18C2-F17A-46C2-81D8-0FF1D6E29C34}.Release|Any CPU.ActiveCfg = Release|Any CPU
		{637A18C2-F17A-46C2-81D8-0FF1D6E29C34}.Release|Any CPU.Build.0 = Release|Any CPU
		{4F4E4BA7-EAF4-4797-9F83-18179F814B65}.Debug|Any CPU.ActiveCfg = Debug|Any CPU
		{4F4E4BA7-EAF4-4797-9F83-18179F814B65}.Debug|Any CPU.Build.0 = Debug|Any CPU
		{4F4E4BA7-EAF4-4797-9F83-18179F814B65}.Release|Any CPU.ActiveCfg = Release|Any CPU
		{4F4E4BA7-EAF4-4797-9F83-18179F814B65}.Release|Any CPU.Build.0 = Release|Any CPU
		{92AB1C34-01AC-46AA-8EC9-B29D8B0F0958}.Debug|Any CPU.ActiveCfg = Debug|Any CPU
		{92AB1C34-01AC-46AA-8EC9-B29D8B0F0958}.Debug|Any CPU.Build.0 = Debug|Any CPU
		{92AB1C34-01AC-46AA-8EC9-B29D8B0F0958}.Release|Any CPU.ActiveCfg = Release|Any CPU
		{92AB1C34-01AC-46AA-8EC9-B29D8B0F0958}.Release|Any CPU.Build.0 = Release|Any CPU
		{8AE92B8F-1E87-49CC-A614-E6F612EB8F2C}.Debug|Any CPU.ActiveCfg = Debug|Any CPU
		{8AE92B8F-1E87-49CC-A614-E6F612EB8F2C}.Debug|Any CPU.Build.0 = Debug|Any CPU
		{8AE92B8F-1E87-49CC-A614-E6F612EB8F2C}.Release|Any CPU.ActiveCfg = Release|Any CPU
		{8AE92B8F-1E87-49CC-A614-E6F612EB8F2C}.Release|Any CPU.Build.0 = Release|Any CPU
		{463606BF-8D03-47E7-9D35-5A09F12D7CFA}.Debug|Any CPU.ActiveCfg = Debug|Any CPU
		{463606BF-8D03-47E7-9D35-5A09F12D7CFA}.Debug|Any CPU.Build.0 = Debug|Any CPU
		{463606BF-8D03-47E7-9D35-5A09F12D7CFA}.Release|Any CPU.ActiveCfg = Release|Any CPU
		{463606BF-8D03-47E7-9D35-5A09F12D7CFA}.Release|Any CPU.Build.0 = Release|Any CPU
	EndGlobalSection
	GlobalSection(SolutionProperties) = preSolution
		HideSolutionNode = FALSE
	EndGlobalSection
	GlobalSection(ExtensibilityGlobals) = postSolution
		SolutionGuid = {1DEB0E71-E6EE-42B1-9523-68984B906BCA}
	EndGlobalSection
EndGlobal
